# This file is automatically @generated by Cargo.
# It is not intended for manual editing.
version = 4

[[package]]
name = "Open_Data_Types"
version = "0.1.0"

[[package]]
name = "access_value_by_key"
version = "0.1.0"

[[package]]
name = "add_remove_elements"
version = "0.1.0"

[[package]]
name = "asking_user_input"
version = "0.1.0"

[[package]]
name = "associated_constraints"
version = "0.1.0"

[[package]]
name = "associated_types_1"
version = "0.1.0"

[[package]]
name = "associated_types_2"
version = "0.1.0"

[[package]]
name = "building_option_enum_from_scratch"
version = "0.1.0"

[[package]]
name = "call_trait_from_another_method"
version = "0.1.0"

[[package]]
name = "concatenation"
version = "0.1.0"

[[package]]
name = "concret_lifetimes_for_value1"
version = "0.1.0"

[[package]]
name = "contol_flow"
version = "0.1.0"

[[package]]
name = "control_flow_project"
version = "0.1.0"

[[package]]
name = "course_variables"
version = "0.1.0"

[[package]]
name = "create_a_vector"
version = "0.1.0"

[[package]]
name = "default_implementation"
version = "0.1.0"

[[package]]
name = "defining_eq_for_different_types"
version = "0.1.0"

[[package]]
name = "defining_methods_on_enums"
version = "0.1.0"

[[package]]
name = "defining_trait"
version = "0.1.0"

[[package]]
name = "enum_if_let_construct"
version = "0.1.0"

[[package]]
name = "enum_let_else_construct"
version = "0.1.0"

[[package]]
name = "enum_match_keyword"
version = "0.1.0"

[[package]]
name = "enum_match_keyword_2"
version = "0.1.0"

[[package]]
name = "enum_match_keyword_3"
version = "0.1.0"

[[package]]
name = "enum_match_keyword_4"
version = "0.1.0"

[[package]]
name = "enum_match_keyword_5"
version = "0.1.0"

[[package]]
name = "enum_project"
version = "0.1.0"

[[package]]
name = "enum_with_assoc_function"
version = "0.1.0"

[[package]]
name = "enum_with_assoc_values_2"
version = "0.1.0"

[[package]]
name = "error_handling_project"
version = "0.1.0"

[[package]]
name = "fitness"
version = "0.1.0"

[[package]]
name = "format_macro"
version = "0.1.0"

[[package]]
name = "formatter_methods"
version = "0.1.0"

[[package]]
name = "functions"
version = "0.1.0"

[[package]]
name = "generic_and_impl_blocks_1"
version = "0.1.0"

[[package]]
name = "generic_and_impl_blocks_2"
version = "0.1.0"

[[package]]
name = "generics_in_enums"
version = "0.1.0"

[[package]]
name = "generics_in_structs"
version = "0.1.0"

[[package]]
name = "generics_project"
version = "0.1.0"

[[package]]
name = "get_method_on_an_Array"
version = "0.1.0"

[[package]]
name = "getters_in_traits"
version = "0.1.0"

[[package]]
name = "hahset_operations"
version = "0.1.0"

[[package]]
name = "hash_set"
version = "0.1.0"

[[package]]
name = "hashaps_and_ownership"
version = "0.1.0"

[[package]]
name = "hashmap_with_new_fn"
version = "0.1.0"

[[package]]
name = "impl_clone_trait"
version = "0.1.0"

[[package]]
name = "impl_copy_trait"
version = "0.1.0"

[[package]]
name = "impl_debug_trait"
version = "0.1.0"

[[package]]
name = "impl_display_trait_on_enum"
version = "0.1.0"

[[package]]
name = "impl_display_trait_on_struct"
version = "0.1.0"

[[package]]
name = "impl_partialEq_trait_for_enums"
version = "0.1.0"

[[package]]
name = "impl_partialEq_trait_for_structs"
version = "0.1.0"

[[package]]
name = "impl_partialOrd_trait"
version = "0.1.0"

[[package]]
name = "impl_the_drop_trait"
version = "0.1.0"

[[package]]
name = "impl_the_eq_trait"
version = "0.1.0"

[[package]]
name = "implement_trait_for_struct"
version = "0.1.0"

[[package]]
name = "intro_to_enums"
version = "0.1.0"

[[package]]
name = "intro_to_generics"
version = "0.1.0"

[[package]]
name = "intro_to_module"
version = "0.1.0"

[[package]]
name = "intro_to_pub"
version = "0.1.0"

[[package]]
name = "moving_to_project_structure"
version = "0.1.0"

[[package]]
name = "moving_to_project_structure2"
version = "0.1.0"

[[package]]
name = "multiple_trait_bounds"
version = "0.1.0"

[[package]]
name = "multiple_tuple"
version = "0.1.0"

[[package]]
name = "nesting_enums"
version = "0.1.0"

[[package]]
name = "nuances_of_unwrap_method_on_results"
version = "0.1.0"

[[package]]
name = "opening_a_file"
version = "0.1.0"

[[package]]
name = "opt_and_res_enum_project"
version = "0.1.0"

[[package]]
name = "overwriting_val_with_existing_key"
version = "0.1.0"

[[package]]
name = "ownership"
version = "0.1.0"

[[package]]
name = "ownership_project"
version = "0.1.0"

[[package]]
name = "preview_of_trait_objects"
version = "0.1.0"

[[package]]
name = "process_mod_exit_func"
version = "0.1.0"

[[package]]
name = "project_1"
version = "0.1.0"

[[package]]
name = "project_hashmap"
version = "0.1.0"

[[package]]
name = "propagating_errors"
version = "0.1.0"

[[package]]
name = "read_file_content"
version = "0.1.0"

[[package]]
name = "read_to_str_assoc_fn"
version = "0.1.0"

[[package]]
name = "read_vector_elements"
version = "0.1.0"

[[package]]
name = "real_example_of_result_enum"
version = "0.1.0"

[[package]]
name = "references_and_borrowing"
version = "0.1.0"

[[package]]
name = "references_and_borrowing_project"
version = "0.1.0"

[[package]]
name = "returning_a_result_enum_in_a_function"
version = "0.1.0"

[[package]]
name = "returning_an_option_enum_from_a_function"
version = "0.1.0"

[[package]]
name = "setters_in_traits"
version = "0.1.0"

[[package]]
name = "slices"
version = "0.1.0"

[[package]]
name = "slices_project"
version = "0.1.0"

[[package]]
name = "standard_error"
version = "0.1.0"

[[package]]
name = "string_methods"
version = "0.1.0"

[[package]]
name = "string_project"
version = "0.1.0"

[[package]]
name = "struct_variants_in_enums"
version = "0.1.0"

[[package]]
name = "structs"
version = "0.1.0"

[[package]]
name = "structs_project"
version = "0.1.0"

[[package]]
name = "supertraits_traits_inheritance"
version = "0.1.0"

[[package]]
name = "the_entry_method"
version = "0.1.0"

[[package]]
name = "the_match_keyword_with_option_enum"
version = "0.1.0"

[[package]]
name = "the_option_enum"
version = "0.1.0"

[[package]]
name = "the_remove_method"
version = "0.1.0"

[[package]]
name = "the_result_enum"
version = "0.1.0"

[[package]]
name = "the_try_operator"
version = "0.1.0"

[[package]]
name = "the_unwrap_and_expect_method"
version = "0.1.0"

[[package]]
name = "the_unwrap_or_method"
version = "0.1.0"

[[package]]
name = "the_while_let_construct"
version = "0.1.0"

[[package]]
name = "top_level_option_variants"
version = "0.1.0"

[[package]]
name = "trait_bound_syntax"
version = "0.1.0"

[[package]]
name = "traits_as_fn_return_val"
version = "0.1.0"

[[package]]
name = "traits_bound_to_conditionally_impl_methods"
version = "0.1.0"

[[package]]
name = "traits_for_fn_param_constraints"
version = "0.1.0"

[[package]]
name = "traits_project"
version = "0.1.0"

[[package]]
name = "traits_with_generics"
version = "0.1.0"

[[package]]
name = "turbofish_operator"
version = "0.1.0"

[[package]]
name = "user_input"
version = "0.1.0"

[[package]]
name = "using_try_with_option"
version = "0.1.0"

[[package]]
name = "vec_project"
version = "0.1.0"

[[package]]
name = "vector_get_method"
version = "0.1.0"

[[package]]
name = "where_clauses"
version = "0.1.0"

[[package]]
name = "write_vec_elements"
version = "0.1.0"
